
Microsoft Visual Studio Solution File, Format Version 12.00
Project("{FAE04EC0-301F-11D3-BF4B-00C04F79EFBC}") = "mobile_iot_lab01", "mobile_iot_lab01\mobile_iot_lab01.csproj", "{1CEA8E8C-DE80-455D-9FFC-6E748DFDB794}"
EndProject
Project("{FAE04EC0-301F-11D3-BF4B-00C04F79EFBC}") = "mobile_iot_lab02", "mobile_iot_lab02\mobile_iot_lab02.csproj", "{AD84D5DA-3CA5-471C-8E4D-B078DC589FB2}"
EndProject
Global
	GlobalSection(SolutionConfigurationPlatforms) = preSolution
		Debug|Any CPU = Debug|Any CPU
		Release|Any CPU = Release|Any CPU
	EndGlobalSection
	GlobalSection(ProjectConfigurationPlatforms) = postSolution
		{1CEA8E8C-DE80-455D-9FFC-6E748DFDB794}.Debug|Any CPU.ActiveCfg = Debug|Any CPU
		{1CEA8E8C-DE80-455D-9FFC-6E748DFDB794}.Debug|Any CPU.Build.0 = Debug|Any CPU
		{1CEA8E8C-DE80-455D-9FFC-6E748DFDB794}.Release|Any CPU.ActiveCfg = Release|Any CPU
		{1CEA8E8C-DE80-455D-9FFC-6E748DFDB794}.Release|Any CPU.Build.0 = Release|Any CPU
		{AD84D5DA-3CA5-471C-8E4D-B078DC589FB2}.Debug|Any CPU.ActiveCfg = Debug|Any CPU
		{AD84D5DA-3CA5-471C-8E4D-B078DC589FB2}.Debug|Any CPU.Build.0 = Debug|Any CPU
		{AD84D5DA-3CA5-471C-8E4D-B078DC589FB2}.Release|Any CPU.ActiveCfg = Release|Any CPU
		{AD84D5DA-3CA5-471C-8E4D-B078DC589FB2}.Release|Any CPU.Build.0 = Release|Any CPU
	EndGlobalSection
EndGlobal
